
Microsoft Visual Studio Solution File, Format Version 12.00
# Visual Studio Version 16
VisualStudioVersion = 16.0.30621.155
MinimumVisualStudioVersion = 10.0.40219.1
Project("{9A19103F-16F7-4668-BE54-9A1E7A4F7556}") = "Client", "Client\Client.csproj", "{87F399D5-576D-407B-A300-AE2799BCFD44}"
EndProject
Project("{FAE04EC0-301F-11D3-BF4B-00C04F79EFBC}") = "Server", "Server\Server.csproj", "{F6C5D1ED-78BE-484B-B617-9610BF682253}"
EndProject
Global
	GlobalSection(SolutionConfigurationPlatforms) = preSolution
		Debug|Any CPU = Debug|Any CPU
		Release|Any CPU = Release|Any CPU
	EndGlobalSection
	GlobalSection(ProjectConfigurationPlatforms) = postSolution
		{87F399D5-576D-407B-A300-AE2799BCFD44}.Debug|Any CPU.ActiveCfg = Debug|Any CPU
		{87F399D5-576D-407B-A300-AE2799BCFD44}.Debug|Any CPU.Build.0 = Debug|Any CPU
		{87F399D5-576D-407B-A300-AE2799BCFD44}.Release|Any CPU.ActiveCfg = Release|Any CPU
		{87F399D5-576D-407B-A300-AE2799BCFD44}.Release|Any CPU.Build.0 = Release|Any CPU
		{F6C5D1ED-78BE-484B-B617-9610BF682253}.Debug|Any CPU.ActiveCfg = Debug|Any CPU
		{F6C5D1ED-78BE-484B-B617-9610BF682253}.Debug|Any CPU.Build.0 = Debug|Any CPU
		{F6C5D1ED-78BE-484B-B617-9610BF682253}.Release|Any CPU.ActiveCfg = Release|Any CPU
		{F6C5D1ED-78BE-484B-B617-9610BF682253}.Release|Any CPU.Build.0 = Release|Any CPU
	EndGlobalSection
	GlobalSection(SolutionProperties) = preSolution
		HideSolutionNode = FALSE
	EndGlobalSection
	GlobalSection(ExtensibilityGlobals) = postSolution
		SolutionGuid = {7E4A5553-539C-407F-984A-A5179956BCBA}
	EndGlobalSection
EndGlobal
